<?xml version="1.0" encoding="utf-8"?>
<Project ToolsVersion="4.0" xmlns="http://schemas.microsoft.com/developer/msbuild/2003">
  <ItemGroup>
    <Filter Include="Scenes">
      <UniqueIdentifier>{53daec8b-b1ce-4557-a163-ca06fb2615cc}</UniqueIdentifier>
    </Filter>
    <Filter Include="Contents">
      <UniqueIdentifier>{923833d8-4a74-46ce-8b9f-2515e39acc40}</UniqueIdentifier>
    </Filter>
    <Filter Include="Scripts">
      <UniqueIdentifier>{3f982022-3347-439f-913d-7f0604b0729a}</UniqueIdentifier>
    </Filter>
  </ItemGroup>
  <ItemGroup>
    <ClCompile Include="BLoadScenes.h">
      <Filter>Scenes</Filter>
    </ClCompile>
    <ClCompile Include="BPlayScene.cpp">
      <Filter>Scenes</Filter>
    </ClCompile>
    <ClCompile Include="BTItleScene.cpp">
      <Filter>Scenes</Filter>
    </ClCompile>
    <ClCompile Include="BPlayer.cpp">
      <Filter>Contents</Filter>
    </ClCompile>
    <ClCompile Include="BPlayerScript.cpp">
      <Filter>Scripts</Filter>
    </ClCompile>
  </ItemGroup>
  <ItemGroup>
    <ClInclude Include="BPlayScene.h">
      <Filter>Scenes</Filter>
    </ClInclude>
    <ClInclude Include="BTItleScene.h">
      <Filter>Scenes</Filter>
    </ClInclude>
    <ClInclude Include="BPlayer.h">
      <Filter>Contents</Filter>
    </ClInclude>
    <ClInclude Include="BLoadResources.h">
      <Filter>Scenes</Filter>
    </ClInclude>
    <ClInclude Include="BPlayerScript.h">
      <Filter>Scripts</Filter>
    </ClInclude>
  </ItemGroup>
  <ItemGroup>
    <None Include="ClassDiagram.cd" />
    <None Include="ClassDiagram1.cd" />
  </ItemGroup>
</Project>